Microsoft Visual Studio Solution File, Format Version 12.00
# Visual Studio 15
VisualStudioVersion = 15.0.35431.46
MinimumVisualStudioVersion = 10.0.40219.1
Project("{8BC9CEB8-8B4A-11D0-8D11-00A0C91BC942}") = "GTAIVBankreleaseNativeCompat", "GTAIVBankreleaseNativeCompat.vcxproj", "{C92B04C2-0A0A-4B11-8C70-3C210D0A35F0}"
EndProject
Project("{8BC9CEB8-8B4A-11D0-8D11-00A0C91BC942}") = "xkelib", "xkelib\xkelib.vcxproj", "{83FEF217-22EE-4768-80BF-9F48D5B4564C}"
EndProject
Global
	GlobalSection(SolutionConfigurationPlatforms) = preSolution
		Debug|Xbox 360 = Debug|Xbox 360
		Release|Xbox 360 = Release|Xbox 360
	EndGlobalSection
	GlobalSection(ProjectConfigurationPlatforms) = postSolution
		{C92B04C2-0A0A-4B11-8C70-3C210D0A35F0}.Debug|Xbox 360.ActiveCfg = Debug|Xbox 360
		{C92B04C2-0A0A-4B11-8C70-3C210D0A35F0}.Debug|Xbox 360.Build.0 = Debug|Xbox 360
		{C92B04C2-0A0A-4B11-8C70-3C210D0A35F0}.Release|Xbox 360.ActiveCfg = Release|Xbox 360
		{C92B04C2-0A0A-4B11-8C70-3C210D0A35F0}.Release|Xbox 360.Build.0 = Release|Xbox 360
		{83FEF217-22EE-4768-80BF-9F48D5B4564C}.Debug|Xbox 360.ActiveCfg = Debug|Xbox 360
		{83FEF217-22EE-4768-80BF-9F48D5B4564C}.Debug|Xbox 360.Build.0 = Debug|Xbox 360
		{83FEF217-22EE-4768-80BF-9F48D5B4564C}.Debug|Xbox 360.Deploy.0 = Debug|Xbox 360
		{83FEF217-22EE-4768-80BF-9F48D5B4564C}.Release|Xbox 360.ActiveCfg = Release|Xbox 360
		{83FEF217-22EE-4768-80BF-9F48D5B4564C}.Release|Xbox 360.Build.0 = Release|Xbox 360
		{83FEF217-22EE-4768-80BF-9F48D5B4564C}.Release|Xbox 360.Deploy.0 = Release|Xbox 360
	EndGlobalSection
	GlobalSection(SolutionProperties) = preSolution
		HideSolutionNode = FALSE
	EndGlobalSection
	GlobalSection(ExtensibilityGlobals) = postSolution
		SolutionGuid = {D1CCA269-D0DB-4D66-9AEE-4EA5F8103F0F}
	EndGlobalSection
EndGlobal
